// !$*UTF8*$!
{
	archiveVersion = 1;
	classes = {
	};
	objectVersion = 50;
	objects = {

/* Begin PBXBuildFile section */
		5120124222EF246500322F8F /* page2.swift in Sources */ = {isa = PBXBuildFile; fileRef = 5120124122EF246500322F8F /* page2.swift */; };
		5120124422EF24F900322F8F /* page3.swift in Sources */ = {isa = PBXBuildFile; fileRef = 5120124322EF24F900322F8F /* page3.swift */; };
		512C576F22F047FE00C329BC /* page4.swift in Sources */ = {isa = PBXBuildFile; fileRef = 512C576E22F047FE00C329BC /* page4.swift */; };
		512C577122F0481700C329BC /* page5.swift in Sources */ = {isa = PBXBuildFile; fileRef = 512C577022F0481700C329BC /* page5.swift */; };
		512C577322F0482C00C329BC /* page6.swift in Sources */ = {isa = PBXBuildFile; fileRef = 512C577222F0482C00C329BC /* page6.swift */; };
		514DE9FA22EEEDAC00A91565 /* AppDelegate.swift in Sources */ = {isa = PBXBuildFile; fileRef = 514DE9F922EEEDAC00A91565 /* AppDelegate.swift */; };
		514DE9FC22EEEDAC00A91565 /* ViewController.swift in Sources */ = {isa = PBXBuildFile; fileRef = 514DE9FB22EEEDAC00A91565 /* ViewController.swift */; };
		514DE9FF22EEEDAC00A91565 /* Main.storyboard in Resources */ = {isa = PBXBuildFile; fileRef = 514DE9FD22EEEDAC00A91565 /* Main.storyboard */; };
		514DEA0422EEEDAE00A91565 /* LaunchScreen.storyboard in Resources */ = {isa = PBXBuildFile; fileRef = 514DEA0222EEEDAE00A91565 /* LaunchScreen.storyboard */; };
		51DC994222F16E5500368E00 /* Assets.xcassets in Resources */ = {isa = PBXBuildFile; fileRef = 514DEA0022EEEDAE00A91565 /* Assets.xcassets */; };
/* End PBXBuildFile section */

/* Begin PBXFileReference section */
		5120124122EF246500322F8F /* page2.swift */ = {isa = PBXFileReference; lastKnownFileType = sourcecode.swift; path = page2.swift; sourceTree = "<group>"; };
		5120124322EF24F900322F8F /* page3.swift */ = {isa = PBXFileReference; lastKnownFileType = sourcecode.swift; path = page3.swift; sourceTree = "<group>"; };
		512C576E22F047FE00C329BC /* page4.swift */ = {isa = PBXFileReference; lastKnownFileType = sourcecode.swift; path = page4.swift; sourceTree = "<group>"; };
		512C577022F0481700C329BC /* page5.swift */ = {isa = PBXFileReference; lastKnownFileType = sourcecode.swift; path = page5.swift; sourceTree = "<group>"; };
		512C577222F0482C00C329BC /* page6.swift */ = {isa = PBXFileReference; lastKnownFileType = sourcecode.swift; path = page6.swift; sourceTree = "<group>"; };
		514DE9F622EEEDAC00A91565 /* appdesign.app */ = {isa = PBXFileReference; explicitFileType = wrapper.application; includeInIndex = 0; path = appdesign.app; sourceTree = BUILT_PRODUCTS_DIR; };
		514DE9F922EEEDAC00A91565 /* AppDelegate.swift */ = {isa = PBXFileReference; lastKnownFileType = sourcecode.swift; path = AppDelegate.swift; sourceTree = "<group>"; };
		514DE9FB22EEEDAC00A91565 /* ViewController.swift */ = {isa = PBXFileReference; lastKnownFileType = sourcecode.swift; path = ViewController.swift; sourceTree = "<group>"; };
		514DE9FE22EEEDAC00A91565 /* Base */ = {isa = PBXFileReference; lastKnownFileType = file.storyboard; name = Base; path = Base.lproj/Main.storyboard; sourceTree = "<group>"; };
		514DEA0022EEEDAE00A91565 /* Assets.xcassets */ = {isa = PBXFileReference; lastKnownFileType = folder.assetcatalog; path = Assets.xcassets; sourceTree = "<group>"; };
		514DEA0322EEEDAE00A91565 /* Base */ = {isa = PBXFileReference; lastKnownFileType = file.storyboard; name = Base; path = Base.lproj/LaunchScreen.storyboard; sourceTree = "<group>"; };
		514DEA0522EEEDAE00A91565 /* Info.plist */ = {isa = PBXFileReference; lastKnownFileType = text.plist.xml; path = Info.plist; sourceTree = "<group>"; };
/* End PBXFileReference section */

/* Begin PBXFrameworksBuildPhase section */
		514DE9F322EEEDAC00A91565 /* Frameworks */ = {
			isa = PBXFrameworksBuildPhase;
			buildActionMask = 2147483647;
			files = (
			);
			runOnlyForDeploymentPostprocessing = 0;
		};
/* End PBXFrameworksBuildPhase section */

/* Begin PBXGroup section */
		514DE9ED22EEEDAC00A91565 = {
			isa = PBXGroup;
			children = (
				514DE9F822EEEDAC00A91565 /* appdesign */,
				514DE9F722EEEDAC00A91565 /* Products */,
			);
			sourceTree = "<group>";
		};
		514DE9F722EEEDAC00A91565 /* Products */ = {
			isa = PBXGroup;
			children = (
				514DE9F622EEEDAC00A91565 /* appdesign.app */,
			);
			name = Products;
			sourceTree = "<group>";
		};
		514DE9F822EEEDAC00A91565 /* appdesign */ = {
			isa = PBXGroup;
			children = (
				514DE9F922EEEDAC00A91565 /* AppDelegate.swift */,
				514DE9FB22EEEDAC00A91565 /* ViewController.swift */,
				514DE9FD22EEEDAC00A91565 /* Main.storyboard */,
				512C576E22F047FE00C329BC /* page4.swift */,
				512C577022F0481700C329BC /* page5.swift */,
				512C577222F0482C00C329BC /* page6.swift */,
				5120124322EF24F900322F8F /* page3.swift */,
				5120124122EF246500322F8F /* page2.swift */,
				514DEA0022EEEDAE00A91565 /* Assets.xcassets */,
				514DEA0222EEEDAE00A91565 /* LaunchScreen.storyboard */,
				514DEA0522EEEDAE00A91565 /* Info.plist */,
			);
			path = appdesign;
			sourceTree = "<group>";
		};
/* End PBXGroup section */

/* Begin PBXNativeTarget section */
		514DE9F522EEEDAC00A91565 /* appdesign */ = {
			isa = PBXNativeTarget;
			buildConfigurationList = 514DEA0822EEEDAE00A91565 /* Build configuration list for PBXNativeTarget "appdesign" */;
			buildPhases = (
				514DE9F222EEEDAC00A91565 /* Sources */,
				514DE9F322EEEDAC00A91565 /* Frameworks */,
				514DE9F422EEEDAC00A91565 /* Resources */,
			);
			buildRules = (
			);
			dependencies = (
			);
			name = appdesign;
			productName = appdesign;
			productReference = 514DE9F622EEEDAC00A91565 /* appdesign.app */;
			productType = "com.apple.product-type.application";
		};
/* End PBXNativeTarget section */

/* Begin PBXProject section */
		514DE9EE22EEEDAC00A91565 /* Project object */ = {
			isa = PBXProject;
			attributes = {
				LastSwiftUpdateCheck = 1030;
				LastUpgradeCheck = 1030;
				ORGANIZATIONNAME = CodesRoom;
				TargetAttributes = {
					514DE9F522EEEDAC00A91565 = {
						CreatedOnToolsVersion = 10.3;
					};
				};
			};
			buildConfigurationList = 514DE9F122EEEDAC00A91565 /* Build configuration list for PBXProject "appdesign" */;
			compatibilityVersion = "Xcode 9.3";
			developmentRegion = en;
			hasScannedForEncodings = 0;
			knownRegions = (
				en,
				Base,
			);
			mainGroup = 514DE9ED22EEEDAC00A91565;
			productRefGroup = 514DE9F722EEEDAC00A91565 /* Products */;
			projectDirPath = "";
			projectRoot = "";
			targets = (
				514DE9F522EEEDAC00A91565 /* appdesign */,
			);
		};
/* End PBXProject section */

/* Begin PBXResourcesBuildPhase section */
		514DE9F422EEEDAC00A91565 /* Resources */ = {
			isa = PBXResourcesBuildPhase;
			buildActionMask = 2147483647;
			files = (
				514DEA0422EEEDAE00A91565 /* LaunchScreen.storyboard in Resources */,
				51DC994222F16E5500368E00 /* Assets.xcassets in Resources */,
				514DE9FF22EEEDAC00A91565 /* Main.storyboard in Resources */,
			);
			runOnlyForDeploymentPostprocessing = 0;
		};
/* End PBXResourcesBuildPhase section */

/* Begin PBXSourcesBuildPhase section */
		514DE9F222EEEDAC00A91565 /* Sources */ = {
			isa = PBXSourcesBuildPhase;
			buildActionMask = 2147483647;
			files = (
				512C577322F0482C00C329BC /* page6.swift in Sources */,
				512C576F22F047FE00C329BC /* page4.swift in Sources */,
				514DE9FC22EEEDAC00A91565 /* ViewController.swift in Sources */,
				512C577122F0481700C329BC /* page5.swift in Sources */,
				514DE9FA22EEEDAC00A91565 /* AppDelegate.swift in Sources */,
				5120124422EF24F900322F8F /* page3.swift in Sources */,
				5120124222EF246500322F8F /* page2.swift in Sources */,
			);
			runOnlyForDeploymentPostprocessing = 0;
		};
/* End PBXSourcesBuildPhase section */

/* Begin PBXVariantGroup section */
		514DE9FD22EEEDAC00A91565 /* Main.storyboard */ = {
			isa = PBXVariantGroup;
			children = (
				514DE9FE22EEEDAC00A91565 /* Base */,
			);
			name = Main.storyboard;
			sourceTree = "<group>";
		};
		514DEA0222EEEDAE00A91565 /* LaunchScreen.storyboard */ = {
			isa = PBXVariantGroup;
			children = (
				514DEA0322EEEDAE00A91565 /* Base */,
			);
			name = LaunchScreen.storyboard;
			sourceTree = "<group>";
		};
/* End PBXVariantGroup section */

/* Begin XCBuildConfiguration section */
		514DEA0622EEEDAE00A91565 /* Debug */ = {
			isa = XCBuildConfiguration;
			buildSettings = {
				ALWAYS_SEARCH_USER_PATHS = NO;
				CLANG_ANALYZER_NONNULL = YES;
				CLANG_ANALYZER_NUMBER_OBJECT_CONVERSION = YES_AGGRESSIVE;
				CLANG_CXX_LANGUAGE_STANDARD = "gnu++14";
				CLANG_CXX_LIBRARY = "libc++";
				CLANG_ENABLE_MODULES = YES;
				CLANG_ENABLE_OBJC_ARC = YES;
				CLANG_ENABLE_OBJC_WEAK = YES;
				CLANG_WARN_BLOCK_CAPTURE_AUTORELEASING = YES;
				CLANG_WARN_BOOL_CONVERSION = YES;
				CLANG_WARN_COMMA = YES;
				CLANG_WARN_CONSTANT_CONVERSION = YES;
				CLANG_WARN_DEPRECATED_OBJC_IMPLEMENTATIONS = YES;
				CLANG_WARN_DIRECT_OBJC_ISA_USAGE = YES_ERROR;
				CLANG_WARN_DOCUMENTATION_COMMENTS = YES;
				CLANG_WARN_EMPTY_BODY = YES;
				CLANG_WARN_ENUM_CONVERSION = YES;
				CLANG_WARN_INFINITE_RECURSION = YES;
				CLANG_WARN_INT_CONVERSION = YES;
				CLANG_WARN_NON_LITERAL_NULL_CONVERSION = YES;
				CLANG_WARN_OBJC_IMPLICIT_RETAIN_SELF = YES;
				CLANG_WARN_OBJC_LITERAL_CONVERSION = YES;
				CLANG_WARN_OBJC_ROOT_CLASS = YES_ERROR;
				CLANG_WARN_RANGE_LOOP_ANALYSIS = YES;
				CLANG_WARN_STRICT_PROTOTYPES = YES;
				CLANG_WARN_SUSPICIOUS_MOVE = YES;
				CLANG_WARN_UNGUARDED_AVAILABILITY = YES_AGGRESSIVE;
				CLANG_WARN_UNREACHABLE_CODE = YES;
				CLANG_WARN__DUPLICATE_METHOD_MATCH = YES;
				CODE_SIGN_IDENTITY = "iPhone Developer";
				COPY_PHASE_STRIP = NO;
				DEBUG_INFORMATION_FORMAT = dwarf;
				ENABLE_STRICT_OBJC_MSGSEND = YES;
				ENABLE_TESTABILITY = YES;
				GCC_C_LANGUAGE_STANDARD = gnu11;
				GCC_DYNAMIC_NO_PIC = NO;
				GCC_NO_COMMON_BLOCKS = YES;
				GCC_OPTIMIZATION_LEVEL = 0;
				GCC_PREPROCESSOR_DEFINITIONS = (
					"DEBUG=1",
					"$(inherited)",
				);
				GCC_WARN_64_TO_32_BIT_CONVERSION = YES;
				GCC_WARN_ABOUT_RETURN_TYPE = YES_ERROR;
				GCC_WARN_UNDECLARED_SELECTOR = YES;
				GCC_WARN_UNINITIALIZED_AUTOS = YES_AGGRESSIVE;
				GCC_WARN_UNUSED_FUNCTION = YES;
				GCC_WARN_UNUSED_VARIABLE = YES;
				IPHONEOS_DEPLOYMENT_TARGET = 12.4;
				MTL_ENABLE_DEBUG_INFO = INCLUDE_SOURCE;
				MTL_FAST_MATH = YES;
				ONLY_ACTIVE_ARCH = YES;
				SDKROOT = iphoneos;
				SWIFT_ACTIVE_COMPILATION_CONDITIONS = DEBUG;
				SWIFT_OPTIMIZATION_LEVEL = "-Onone";
			};
			name = Debug;
		};
		514DEA0722EEEDAE00A91565 /* Release */ = {
			isa = XCBuildConfiguration;
			buildSettings = {
				ALWAYS_SEARCH_USER_PATHS = NO;
				CLANG_ANALYZER_NONNULL = YES;
				CLANG_ANALYZER_NUMBER_OBJECT_CONVERSION = YES_AGGRESSIVE;
				CLANG_CXX_LANGUAGE_STANDARD = "gnu++14";
				CLANG_CXX_LIBRARY = "libc++";
				CLANG_ENABLE_MODULES = YES;
				CLANG_ENABLE_OBJC_ARC = YES;
				CLANG_ENABLE_OBJC_WEAK = YES;
				CLANG_WARN_BLOCK_CAPTURE_AUTORELEASING = YES;
				CLANG_WARN_BOOL_CONVERSION = YES;
				CLANG_WARN_COMMA = YES;
				CLANG_WARN_CONSTANT_CONVERSION = YES;
				CLANG_WARN_DEPRECATED_OBJC_IMPLEMENTATIONS = YES;
				CLANG_WARN_DIRECT_OBJC_ISA_USAGE = YES_ERROR;
				CLANG_WARN_DOCUMENTATION_COMMENTS = YES;
				CLANG_WARN_EMPTY_BODY = YES;
				CLANG_WARN_ENUM_CONVERSION = YES;
				CLANG_WARN_INFINITE_RECURSION = YES;
				CLANG_WARN_INT_CONVERSION = YES;
				CLANG_WARN_NON_LITERAL_NULL_CONVERSION = YES;
				CLANG_WARN_OBJC_IMPLICIT_RETAIN_SELF = YES;
				CLANG_WARN_OBJC_LITERAL_CONVERSION = YES;
				CLANG_WARN_OBJC_ROOT_CLASS = YES_ERROR;
				CLANG_WARN_RANGE_LOOP_ANALYSIS = YES;
				CLANG_WARN_STRICT_PROTOTYPES = YES;
				CLANG_WARN_SUSPICIOUS_MOVE = YES;
				CLANG_WARN_UNGUARDED_AVAILABILITY = YES_AGGRESSIVE;
				CLANG_WARN_UNREACHABLE_CODE = YES;
				CLANG_WARN__DUPLICATE_METHOD_MATCH = YES;
				CODE_SIGN_IDENTITY = "iPhone Developer";
				COPY_PHASE_STRIP = NO;
				DEBUG_INFORMATION_FORMAT = "dwarf-with-dsym";
				ENABLE_NS_ASSERTIONS = NO;
				ENABLE_STRICT_OBJC_MSGSEND = YES;
				GCC_C_LANGUAGE_STANDARD = gnu11;
				GCC_NO_COMMON_BLOCKS = YES;
				GCC_WARN_64_TO_32_BIT_CONVERSION = YES;
				GCC_WARN_ABOUT_RETURN_TYPE = YES_ERROR;
				GCC_WARN_UNDECLARED_SELECTOR = YES;
				GCC_WARN_UNINITIALIZED_AUTOS = YES_AGGRESSIVE;
				GCC_WARN_UNUSED_FUNCTION = YES;
				GCC_WARN_UNUSED_VARIABLE = YES;
				IPHONEOS_DEPLOYMENT_TARGET = 12.4;
				MTL_ENABLE_DEBUG_INFO = NO;
				MTL_FAST_MATH = YES;
				SDKROOT = iphoneos;
				SWIFT_COMPILATION_MODE = wholemodule;
				SWIFT_OPTIMIZATION_LEVEL = "-O";
				VALIDATE_PRODUCT = YES;
			};
			name = Release;
		};
		514DEA0922EEEDAE00A91565 /* Debug */ = {
			isa = XCBuildConfiguration;
			buildSettings = {
				ASSETCATALOG_COMPILER_APPICON_NAME = AppIcon;
				CODE_SIGN_STYLE = Automatic;
				DEVELOPMENT_TEAM = 9G7Y8LMWTE;
				INFOPLIST_FILE = appdesign/Info.plist;
				IPHONEOS_DEPLOYMENT_TARGET = 11.1;
				LD_RUNPATH_SEARCH_PATHS = (
					"$(inherited)",
					"@executable_path/Frameworks",
				);
				PRODUCT_BUNDLE_IDENTIFIER = test.appdesign;
				PRODUCT_NAME = "$(TARGET_NAME)";
				SWIFT_VERSION = 5.0;
				TARGETED_DEVICE_FAMILY = "1,2";
			};
			name = Debug;
		};
		514DEA0A22EEEDAE00A91565 /* Release */ = {
			isa = XCBuildConfiguration;
			buildSettings = {
				ASSETCATALOG_COMPILER_APPICON_NAME = AppIcon;
				CODE_SIGN_STYLE = Automatic;
				DEVELOPMENT_TEAM = 9G7Y8LMWTE;
				INFOPLIST_FILE = appdesign/Info.plist;
				IPHONEOS_DEPLOYMENT_TARGET = 11.1;
				LD_RUNPATH_SEARCH_PATHS = (
					"$(inherited)",
					"@executable_path/Frameworks",
				);
				PRODUCT_BUNDLE_IDENTIFIER = test.appdesign;
				PRODUCT_NAME = "$(TARGET_NAME)";
				SWIFT_VERSION = 5.0;
				TARGETED_DEVICE_FAMILY = "1,2";
			};
			name = Release;
		};
/* End XCBuildConfiguration section */

/* Begin XCConfigurationList section */
		514DE9F122EEEDAC00A91565 /* Build configuration list for PBXProject "appdesign" */ = {
			isa = XCConfigurationList;
			buildConfigurations = (
				514DEA0622EEEDAE00A91565 /* Debug */,
				514DEA0722EEEDAE00A91565 /* Release */,
			);
			defaultConfigurationIsVisible = 0;
			defaultConfigurationName = Release;
		};
		514DEA0822EEEDAE00A91565 /* Build configuration list for PBXNativeTarget "appdesign" */ = {
			isa = XCConfigurationList;
			buildConfigurations = (
				514DEA0922EEEDAE00A91565 /* Debug */,
				514DEA0A22EEEDAE00A91565 /* Release */,
			);
			defaultConfigurationIsVisible = 0;
			defaultConfigurationName = Release;
		};
/* End XCConfigurationList section */
	};
	rootObject = 514DE9EE22EEEDAC00A91565 /* Project object */;
}
